# THIS IS AN AUTOGENERATED FILE. DO NOT EDIT THIS FILE DIRECTLY.
# yarn lockfile v1


title-case@^3.0.2:
  version "3.0.2"
  resolved "https://registry.yarnpkg.com/title-case/-/title-case-3.0.2.tgz#9f926a0a42071366f85470572f312c4b647773ab"
  integrity sha512-1P5hyjEhJ9Ab0AT8Xbm0z1avwPSgRR6XtFSNCdfo6B7111TTTja+456UZ2ZPkbTbzqBwIpQxp/tazh5UvpJ+fA==
  dependencies:
    tslib "^1.10.0"

tslib@^1.10.0:
  version "1.14.1"
  resolved "https://registry.yarnpkg.com/tslib/-/tslib-1.14.1.tgz#cf2d38bdc34a134bcaf1091c41f6619e2f672d00"
  integrity sha512-Xni35NKzjgMrwevysHTCArtLDpPvye8zV/0E4EyYn43P7/7qvQwPh9BGkHewbMulVntbigmcT7rdX3BNo9wRJg==
